
Microsoft Visual Studio Solution File, Format Version 11.00
# Visual Studio 2010
Project("{FAE04EC0-301F-11D3-BF4B-00C04F79EFBC}") = "TheDictionaryAndSet", "TheDictionaryAndSet.csproj", "{F9704D3F-387E-4838-A3BE-2CC53942403A}"
EndProject
Global
	GlobalSection(SolutionConfigurationPlatforms) = preSolution
		Debug|x86 = Debug|x86
		Release|x86 = Release|x86
	EndGlobalSection
	GlobalSection(ProjectConfigurationPlatforms) = postSolution
		{F9704D3F-387E-4838-A3BE-2CC53942403A}.Debug|x86.ActiveCfg = Debug|x86
		{F9704D3F-387E-4838-A3BE-2CC53942403A}.Debug|x86.Build.0 = Debug|x86
		{F9704D3F-387E-4838-A3BE-2CC53942403A}.Release|x86.ActiveCfg = Release|x86
		{F9704D3F-387E-4838-A3BE-2CC53942403A}.Release|x86.Build.0 = Release|x86
	EndGlobalSection
	GlobalSection(SolutionProperties) = preSolution
		HideSolutionNode = FALSE
	EndGlobalSection
EndGlobal
